{
  "name": "lectern",
  "lockfileVersion": 2,
  "requires": true,
  "packages": {
    "": {
      "devDependencies": {
        "pyright": "^1.1.116"
      }
    },
    "node_modules/pyright": {
      "version": "1.1.116",
      "resolved": "https://registry.npmjs.org/pyright/-/pyright-1.1.116.tgz",
      "integrity": "sha512-SdsLo/bahs+ncCYIY7E4bL/B+ZuI/OdKJudNuUFAJciXEkkkp2ICzpzQSt0n4ZeYsPfqb5g48QoGo7x4a+LDcQ==",
      "dev": true,
      "bin": {
        "pyright": "index.js",
        "pyright-langserver": "langserver.index.js"
      },
      "engines": {
        "node": ">=12.0.0"
      }
    }
  },
  "dependencies": {
    "pyright": {
      "version": "1.1.116",
      "resolved": "https://registry.npmjs.org/pyright/-/pyright-1.1.116.tgz",
      "integrity": "sha512-SdsLo/bahs+ncCYIY7E4bL/B+ZuI/OdKJudNuUFAJciXEkkkp2ICzpzQSt0n4ZeYsPfqb5g48QoGo7x4a+LDcQ==",
      "dev": true
    }
  }
}
