{
  "name": "lectern",
  "lockfileVersion": 2,
  "requires": true,
  "packages": {
    "": {
      "devDependencies": {
        "pyright": "^1.1.242"
      }
    },
    "node_modules/pyright": {
      "version": "1.1.242",
      "resolved": "https://registry.npmjs.org/pyright/-/pyright-1.1.242.tgz",
      "integrity": "sha512-/SXZhLXpE6NUD6sTiSE5vyu3F2lVBf2dneACXCep13LxZzdAvcRtJ7FytUWt2y6pGUGaxxFgdp3p6BZA+Jr+vw==",
      "dev": true,
      "bin": {
        "pyright": "index.js",
        "pyright-langserver": "langserver.index.js"
      },
      "engines": {
        "node": ">=12.0.0"
      }
    }
  },
  "dependencies": {
    "pyright": {
      "version": "1.1.242",
      "resolved": "https://registry.npmjs.org/pyright/-/pyright-1.1.242.tgz",
      "integrity": "sha512-/SXZhLXpE6NUD6sTiSE5vyu3F2lVBf2dneACXCep13LxZzdAvcRtJ7FytUWt2y6pGUGaxxFgdp3p6BZA+Jr+vw==",
      "dev": true
    }
  }
}
