{
  "name": "lectern",
  "lockfileVersion": 2,
  "requires": true,
  "packages": {
    "": {
      "devDependencies": {
        "pyright": "^1.1.119"
      }
    },
    "node_modules/pyright": {
      "version": "1.1.119",
      "resolved": "https://registry.npmjs.org/pyright/-/pyright-1.1.119.tgz",
      "integrity": "sha512-0qimTDltFCheQzVqhHdFQhbC3bpQ/+OC3+D5M0c9HAI8hSybFGRvm3ojlriHOhRi0QOIqF6RyBew81kEu1CVUg==",
      "dev": true,
      "bin": {
        "pyright": "index.js",
        "pyright-langserver": "langserver.index.js"
      },
      "engines": {
        "node": ">=12.0.0"
      }
    }
  },
  "dependencies": {
    "pyright": {
      "version": "1.1.119",
      "resolved": "https://registry.npmjs.org/pyright/-/pyright-1.1.119.tgz",
      "integrity": "sha512-0qimTDltFCheQzVqhHdFQhbC3bpQ/+OC3+D5M0c9HAI8hSybFGRvm3ojlriHOhRi0QOIqF6RyBew81kEu1CVUg==",
      "dev": true
    }
  }
}
